
Microsoft Visual Studio Solution File, Format Version 12.00
# Visual Studio Version 16
VisualStudioVersion = 16.0.33214.272
MinimumVisualStudioVersion = 10.0.40219.1
Project("{FAE04EC0-301F-11D3-BF4B-00C04F79EFBC}") = "APIDocWebApplication", "APIDocWebApplication\APIDocWebApplication.csproj", "{605BE8F4-2B67-4F60-8FE4-6798BCAE476A}"
EndProject
Global
	GlobalSection(SolutionConfigurationPlatforms) = preSolution
		Debug|Any CPU = Debug|Any CPU
		Release|Any CPU = Release|Any CPU
	EndGlobalSection
	GlobalSection(ProjectConfigurationPlatforms) = postSolution
		{605BE8F4-2B67-4F60-8FE4-6798BCAE476A}.Debug|Any CPU.ActiveCfg = Debug|Any CPU
		{605BE8F4-2B67-4F60-8FE4-6798BCAE476A}.Debug|Any CPU.Build.0 = Debug|Any CPU
		{605BE8F4-2B67-4F60-8FE4-6798BCAE476A}.Release|Any CPU.ActiveCfg = Release|Any CPU
		{605BE8F4-2B67-4F60-8FE4-6798BCAE476A}.Release|Any CPU.Build.0 = Release|Any CPU
	EndGlobalSection
	GlobalSection(SolutionProperties) = preSolution
		HideSolutionNode = FALSE
	EndGlobalSection
	GlobalSection(ExtensibilityGlobals) = postSolution
		SolutionGuid = {5D0E5791-93F2-400E-B77E-C2CF2155BBE5}
	EndGlobalSection
EndGlobal
